// !$*UTF8*$!
{
	archiveVersion = 1;
	classes = {
	};
	objectVersion = 46;
	objects = {

/* Begin PBXBuildFile section */
		33E59E5FAAE7EBC3DBCFAB10 /* Pods_ChatChatOnFireUITests.framework in Frameworks */ = {isa = PBXBuildFile; fileRef = 2183824D615610619A416F0A /* Pods_ChatChatOnFireUITests.framework */; };
		63C9C60310F36C1AC59C6D2E /* Pods_ChatChatOnFireTests.framework in Frameworks */ = {isa = PBXBuildFile; fileRef = 8DB3A202DBAE1ECCD3089B1A /* Pods_ChatChatOnFireTests.framework */; };
		65113E3F1D6C2C4C0055DEAD /* AppDelegate.swift in Sources */ = {isa = PBXBuildFile; fileRef = 65113E3E1D6C2C4C0055DEAD /* AppDelegate.swift */; };
		65113E411D6C2C4C0055DEAD /* ViewController.swift in Sources */ = {isa = PBXBuildFile; fileRef = 65113E401D6C2C4C0055DEAD /* ViewController.swift */; };
		65113E441D6C2C4C0055DEAD /* Main.storyboard in Resources */ = {isa = PBXBuildFile; fileRef = 65113E421D6C2C4C0055DEAD /* Main.storyboard */; };
		65113E471D6C2C4C0055DEAD /* ChatChatOnFire.xcdatamodeld in Sources */ = {isa = PBXBuildFile; fileRef = 65113E451D6C2C4C0055DEAD /* ChatChatOnFire.xcdatamodeld */; };
		65113E491D6C2C4C0055DEAD /* Assets.xcassets in Resources */ = {isa = PBXBuildFile; fileRef = 65113E481D6C2C4C0055DEAD /* Assets.xcassets */; };
		65113E4C1D6C2C4C0055DEAD /* LaunchScreen.storyboard in Resources */ = {isa = PBXBuildFile; fileRef = 65113E4A1D6C2C4C0055DEAD /* LaunchScreen.storyboard */; };
		65113E571D6C2C4C0055DEAD /* ChatChatOnFireTests.swift in Sources */ = {isa = PBXBuildFile; fileRef = 65113E561D6C2C4C0055DEAD /* ChatChatOnFireTests.swift */; };
		65113E621D6C2C4C0055DEAD /* ChatChatOnFireUITests.swift in Sources */ = {isa = PBXBuildFile; fileRef = 65113E611D6C2C4C0055DEAD /* ChatChatOnFireUITests.swift */; };
		65113E711D6D29150055DEAD /* LoginViewController.swift in Sources */ = {isa = PBXBuildFile; fileRef = 65113E701D6D29150055DEAD /* LoginViewController.swift */; };
		65113E751D6DA44B0055DEAD /* GoogleService-Info.plist in Resources */ = {isa = PBXBuildFile; fileRef = 65113E741D6DA44B0055DEAD /* GoogleService-Info.plist */; };
		6592CC5F1D880B37000604AE /* DataReconstruction.swift in Sources */ = {isa = PBXBuildFile; fileRef = 6592CC5E1D880B37000604AE /* DataReconstruction.swift */; };
		6593B2991D70E1DF009C1DEB /* NewMessageTableViewController.swift in Sources */ = {isa = PBXBuildFile; fileRef = 6593B2981D70E1DF009C1DEB /* NewMessageTableViewController.swift */; };
		6593B2A31D70E996009C1DEB /* User.swift in Sources */ = {isa = PBXBuildFile; fileRef = 6593B2A21D70E996009C1DEB /* User.swift */; };
		6593B2A51D715445009C1DEB /* LoginViewController+handlers.swift in Sources */ = {isa = PBXBuildFile; fileRef = 6593B2A41D715445009C1DEB /* LoginViewController+handlers.swift */; };
		6593B2A91D72C882009C1DEB /* Extension.swift in Sources */ = {isa = PBXBuildFile; fileRef = 6593B2A81D72C882009C1DEB /* Extension.swift */; };
		6593B2AB1D7374B1009C1DEB /* ChatLogController.swift in Sources */ = {isa = PBXBuildFile; fileRef = 6593B2AA1D7374B1009C1DEB /* ChatLogController.swift */; };
		6593B2AD1D73F87F009C1DEB /* Message.swift in Sources */ = {isa = PBXBuildFile; fileRef = 6593B2AC1D73F87F009C1DEB /* Message.swift */; };
		6593B2B11D740695009C1DEB /* UserCell.swift in Sources */ = {isa = PBXBuildFile; fileRef = 6593B2B01D740695009C1DEB /* UserCell.swift */; };
		6593B2B31D745F91009C1DEB /* ChatMessageCell.swift in Sources */ = {isa = PBXBuildFile; fileRef = 6593B2B21D745F91009C1DEB /* ChatMessageCell.swift */; };
		65DB0C8A1D82CB230029FAAF /* FriendListTableViewCell.swift in Sources */ = {isa = PBXBuildFile; fileRef = 65DB0C891D82CB230029FAAF /* FriendListTableViewCell.swift */; };
		65DB0C8C1D82DEED0029FAAF /* AddContactsTableViewController.swift in Sources */ = {isa = PBXBuildFile; fileRef = 65DB0C8B1D82DEED0029FAAF /* AddContactsTableViewController.swift */; };
		65DB0C8E1D82E33F0029FAAF /* AddContactListTableViewCell.swift in Sources */ = {isa = PBXBuildFile; fileRef = 65DB0C8D1D82E33F0029FAAF /* AddContactListTableViewCell.swift */; };
		65DD6EE11D83B96400BA79BD /* Friend.swift in Sources */ = {isa = PBXBuildFile; fileRef = 65DD6EE01D83B96400BA79BD /* Friend.swift */; };
		855E05521432F677D13BCAB3 /* Pods_ChatChatOnFire.framework in Frameworks */ = {isa = PBXBuildFile; fileRef = 0ABA523D64F41146715F9AF4 /* Pods_ChatChatOnFire.framework */; };
/* End PBXBuildFile section */

/* Begin PBXContainerItemProxy section */
		65113E531D6C2C4C0055DEAD /* PBXContainerItemProxy */ = {
			isa = PBXContainerItemProxy;
			containerPortal = 65113E331D6C2C4C0055DEAD /* Project object */;
			proxyType = 1;
			remoteGlobalIDString = 65113E3A1D6C2C4C0055DEAD;
			remoteInfo = ChatChatOnFire;
		};
		65113E5E1D6C2C4C0055DEAD /* PBXContainerItemProxy */ = {
			isa = PBXContainerItemProxy;
			containerPortal = 65113E331D6C2C4C0055DEAD /* Project object */;
			proxyType = 1;
			remoteGlobalIDString = 65113E3A1D6C2C4C0055DEAD;
			remoteInfo = ChatChatOnFire;
		};
/* End PBXContainerItemProxy section */

/* Begin PBXFileReference section */
		0ABA523D64F41146715F9AF4 /* Pods_ChatChatOnFire.framework */ = {isa = PBXFileReference; explicitFileType = wrapper.framework; includeInIndex = 0; path = Pods_ChatChatOnFire.framework; sourceTree = BUILT_PRODUCTS_DIR; };
		2183824D615610619A416F0A /* Pods_ChatChatOnFireUITests.framework */ = {isa = PBXFileReference; explicitFileType = wrapper.framework; includeInIndex = 0; path = Pods_ChatChatOnFireUITests.framework; sourceTree = BUILT_PRODUCTS_DIR; };
		65113E3B1D6C2C4C0055DEAD /* ChatChatOnFire.app */ = {isa = PBXFileReference; explicitFileType = wrapper.application; includeInIndex = 0; path = ChatChatOnFire.app; sourceTree = BUILT_PRODUCTS_DIR; };
		65113E3E1D6C2C4C0055DEAD /* AppDelegate.swift */ = {isa = PBXFileReference; lastKnownFileType = sourcecode.swift; path = AppDelegate.swift; sourceTree = "<group>"; };
		65113E401D6C2C4C0055DEAD /* ViewController.swift */ = {isa = PBXFileReference; lastKnownFileType = sourcecode.swift; path = ViewController.swift; sourceTree = "<group>"; };
		65113E431D6C2C4C0055DEAD /* Base */ = {isa = PBXFileReference; lastKnownFileType = file.storyboard; name = Base; path = Base.lproj/Main.storyboard; sourceTree = "<group>"; };
		65113E461D6C2C4C0055DEAD /* ChatChatOnFire.xcdatamodel */ = {isa = PBXFileReference; lastKnownFileType = wrapper.xcdatamodel; path = ChatChatOnFire.xcdatamodel; sourceTree = "<group>"; };
		65113E481D6C2C4C0055DEAD /* Assets.xcassets */ = {isa = PBXFileReference; lastKnownFileType = folder.assetcatalog; path = Assets.xcassets; sourceTree = "<group>"; };
		65113E4B1D6C2C4C0055DEAD /* Base */ = {isa = PBXFileReference; lastKnownFileType = file.storyboard; name = Base; path = Base.lproj/LaunchScreen.storyboard; sourceTree = "<group>"; };
		65113E4D1D6C2C4C0055DEAD /* Info.plist */ = {isa = PBXFileReference; lastKnownFileType = text.plist.xml; path = Info.plist; sourceTree = "<group>"; };
		65113E521D6C2C4C0055DEAD /* ChatChatOnFireTests.xctest */ = {isa = PBXFileReference; explicitFileType = wrapper.cfbundle; includeInIndex = 0; path = ChatChatOnFireTests.xctest; sourceTree = BUILT_PRODUCTS_DIR; };
		65113E561D6C2C4C0055DEAD /* ChatChatOnFireTests.swift */ = {isa = PBXFileReference; lastKnownFileType = sourcecode.swift; path = ChatChatOnFireTests.swift; sourceTree = "<group>"; };
		65113E581D6C2C4C0055DEAD /* Info.plist */ = {isa = PBXFileReference; lastKnownFileType = text.plist.xml; path = Info.plist; sourceTree = "<group>"; };
		65113E5D1D6C2C4C0055DEAD /* ChatChatOnFireUITests.xctest */ = {isa = PBXFileReference; explicitFileType = wrapper.cfbundle; includeInIndex = 0; path = ChatChatOnFireUITests.xctest; sourceTree = BUILT_PRODUCTS_DIR; };
		65113E611D6C2C4C0055DEAD /* ChatChatOnFireUITests.swift */ = {isa = PBXFileReference; lastKnownFileType = sourcecode.swift; path = ChatChatOnFireUITests.swift; sourceTree = "<group>"; };
		65113E631D6C2C4C0055DEAD /* Info.plist */ = {isa = PBXFileReference; lastKnownFileType = text.plist.xml; path = Info.plist; sourceTree = "<group>"; };
		65113E701D6D29150055DEAD /* LoginViewController.swift */ = {isa = PBXFileReference; fileEncoding = 4; lastKnownFileType = sourcecode.swift; path = LoginViewController.swift; sourceTree = "<group>"; };
		65113E741D6DA44B0055DEAD /* GoogleService-Info.plist */ = {isa = PBXFileReference; fileEncoding = 4; lastKnownFileType = text.plist.xml; path = "GoogleService-Info.plist"; sourceTree = "<group>"; };
		6592CC5E1D880B37000604AE /* DataReconstruction.swift */ = {isa = PBXFileReference; fileEncoding = 4; lastKnownFileType = sourcecode.swift; path = DataReconstruction.swift; sourceTree = "<group>"; };
		6593B2981D70E1DF009C1DEB /* NewMessageTableViewController.swift */ = {isa = PBXFileReference; fileEncoding = 4; lastKnownFileType = sourcecode.swift; path = NewMessageTableViewController.swift; sourceTree = "<group>"; };
		6593B2A21D70E996009C1DEB /* User.swift */ = {isa = PBXFileReference; fileEncoding = 4; lastKnownFileType = sourcecode.swift; path = User.swift; sourceTree = "<group>"; };
		6593B2A41D715445009C1DEB /* LoginViewController+handlers.swift */ = {isa = PBXFileReference; fileEncoding = 4; lastKnownFileType = sourcecode.swift; path = "LoginViewController+handlers.swift"; sourceTree = "<group>"; };
		6593B2A81D72C882009C1DEB /* Extension.swift */ = {isa = PBXFileReference; fileEncoding = 4; lastKnownFileType = sourcecode.swift; path = Extension.swift; sourceTree = "<group>"; };
		6593B2AA1D7374B1009C1DEB /* ChatLogController.swift */ = {isa = PBXFileReference; fileEncoding = 4; lastKnownFileType = sourcecode.swift; path = ChatLogController.swift; sourceTree = "<group>"; };
		6593B2AC1D73F87F009C1DEB /* Message.swift */ = {isa = PBXFileReference; fileEncoding = 4; lastKnownFileType = sourcecode.swift; path = Message.swift; sourceTree = "<group>"; };
		6593B2B01D740695009C1DEB /* UserCell.swift */ = {isa = PBXFileReference; fileEncoding = 4; lastKnownFileType = sourcecode.swift; path = UserCell.swift; sourceTree = "<group>"; };
		6593B2B21D745F91009C1DEB /* ChatMessageCell.swift */ = {isa = PBXFileReference; fileEncoding = 4; lastKnownFileType = sourcecode.swift; path = ChatMessageCell.swift; sourceTree = "<group>"; };
		65DB0C891D82CB230029FAAF /* FriendListTableViewCell.swift */ = {isa = PBXFileReference; fileEncoding = 4; lastKnownFileType = sourcecode.swift; path = FriendListTableViewCell.swift; sourceTree = "<group>"; };
		65DB0C8B1D82DEED0029FAAF /* AddContactsTableViewController.swift */ = {isa = PBXFileReference; fileEncoding = 4; lastKnownFileType = sourcecode.swift; path = AddContactsTableViewController.swift; sourceTree = "<group>"; };
		65DB0C8D1D82E33F0029FAAF /* AddContactListTableViewCell.swift */ = {isa = PBXFileReference; fileEncoding = 4; lastKnownFileType = sourcecode.swift; path = AddContactListTableViewCell.swift; sourceTree = "<group>"; };
		65DD6EE01D83B96400BA79BD /* Friend.swift */ = {isa = PBXFileReference; fileEncoding = 4; lastKnownFileType = sourcecode.swift; path = Friend.swift; sourceTree = "<group>"; };
		8DB3A202DBAE1ECCD3089B1A /* Pods_ChatChatOnFireTests.framework */ = {isa = PBXFileReference; explicitFileType = wrapper.framework; includeInIndex = 0; path = Pods_ChatChatOnFireTests.framework; sourceTree = BUILT_PRODUCTS_DIR; };
		A19F10DD8AE331EAA69A1F59 /* Pods-ChatChatOnFire.release.xcconfig */ = {isa = PBXFileReference; includeInIndex = 1; lastKnownFileType = text.xcconfig; name = "Pods-ChatChatOnFire.release.xcconfig"; path = "Pods/Target Support Files/Pods-ChatChatOnFire/Pods-ChatChatOnFire.release.xcconfig"; sourceTree = "<group>"; };
		BED4318327F8E94E1C38F760 /* Pods-ChatChatOnFireUITests.debug.xcconfig */ = {isa = PBXFileReference; includeInIndex = 1; lastKnownFileType = text.xcconfig; name = "Pods-ChatChatOnFireUITests.debug.xcconfig"; path = "Pods/Target Support Files/Pods-ChatChatOnFireUITests/Pods-ChatChatOnFireUITests.debug.xcconfig"; sourceTree = "<group>"; };
		C321B3B5218EC3D123171650 /* Pods-ChatChatOnFireTests.release.xcconfig */ = {isa = PBXFileReference; includeInIndex = 1; lastKnownFileType = text.xcconfig; name = "Pods-ChatChatOnFireTests.release.xcconfig"; path = "Pods/Target Support Files/Pods-ChatChatOnFireTests/Pods-ChatChatOnFireTests.release.xcconfig"; sourceTree = "<group>"; };
		E8464F59F785024AF4E83027 /* Pods-ChatChatOnFireTests.debug.xcconfig */ = {isa = PBXFileReference; includeInIndex = 1; lastKnownFileType = text.xcconfig; name = "Pods-ChatChatOnFireTests.debug.xcconfig"; path = "Pods/Target Support Files/Pods-ChatChatOnFireTests/Pods-ChatChatOnFireTests.debug.xcconfig"; sourceTree = "<group>"; };
		E89C1E3FCC1E7FA18AC517EF /* Pods-ChatChatOnFire.debug.xcconfig */ = {isa = PBXFileReference; includeInIndex = 1; lastKnownFileType = text.xcconfig; name = "Pods-ChatChatOnFire.debug.xcconfig"; path = "Pods/Target Support Files/Pods-ChatChatOnFire/Pods-ChatChatOnFire.debug.xcconfig"; sourceTree = "<group>"; };
		FE6DC178CBD2A9D65C834472 /* Pods-ChatChatOnFireUITests.release.xcconfig */ = {isa = PBXFileReference; includeInIndex = 1; lastKnownFileType = text.xcconfig; name = "Pods-ChatChatOnFireUITests.release.xcconfig"; path = "Pods/Target Support Files/Pods-ChatChatOnFireUITests/Pods-ChatChatOnFireUITests.release.xcconfig"; sourceTree = "<group>"; };
/* End PBXFileReference section */

/* Begin PBXFrameworksBuildPhase section */
		65113E381D6C2C4C0055DEAD /* Frameworks */ = {
			isa = PBXFrameworksBuildPhase;
			buildActionMask = 2147483647;
			files = (
				855E05521432F677D13BCAB3 /* Pods_ChatChatOnFire.framework in Frameworks */,
			);
			runOnlyForDeploymentPostprocessing = 0;
		};
		65113E4F1D6C2C4C0055DEAD /* Frameworks */ = {
			isa = PBXFrameworksBuildPhase;
			buildActionMask = 2147483647;
			files = (
				63C9C60310F36C1AC59C6D2E /* Pods_ChatChatOnFireTests.framework in Frameworks */,
			);
			runOnlyForDeploymentPostprocessing = 0;
		};
		65113E5A1D6C2C4C0055DEAD /* Frameworks */ = {
			isa = PBXFrameworksBuildPhase;
			buildActionMask = 2147483647;
			files = (
				33E59E5FAAE7EBC3DBCFAB10 /* Pods_ChatChatOnFireUITests.framework in Frameworks */,
			);
			runOnlyForDeploymentPostprocessing = 0;
		};
/* End PBXFrameworksBuildPhase section */

/* Begin PBXGroup section */
		535B1F3EC6BD1DAB44B64168 /* Pods */ = {
			isa = PBXGroup;
			children = (
				E89C1E3FCC1E7FA18AC517EF /* Pods-ChatChatOnFire.debug.xcconfig */,
				A19F10DD8AE331EAA69A1F59 /* Pods-ChatChatOnFire.release.xcconfig */,
				E8464F59F785024AF4E83027 /* Pods-ChatChatOnFireTests.debug.xcconfig */,
				C321B3B5218EC3D123171650 /* Pods-ChatChatOnFireTests.release.xcconfig */,
				BED4318327F8E94E1C38F760 /* Pods-ChatChatOnFireUITests.debug.xcconfig */,
				FE6DC178CBD2A9D65C834472 /* Pods-ChatChatOnFireUITests.release.xcconfig */,
			);
			name = Pods;
			sourceTree = "<group>";
		};
		65113E321D6C2C4C0055DEAD = {
			isa = PBXGroup;
			children = (
				65113E3D1D6C2C4C0055DEAD /* ChatChatOnFire */,
				65113E551D6C2C4C0055DEAD /* ChatChatOnFireTests */,
				65113E601D6C2C4C0055DEAD /* ChatChatOnFireUITests */,
				65113E3C1D6C2C4C0055DEAD /* Products */,
				535B1F3EC6BD1DAB44B64168 /* Pods */,
				E7E011A1F2DD6E42DF65A50F /* Frameworks */,
			);
			sourceTree = "<group>";
		};
		65113E3C1D6C2C4C0055DEAD /* Products */ = {
			isa = PBXGroup;
			children = (
				65113E3B1D6C2C4C0055DEAD /* ChatChatOnFire.app */,
				65113E521D6C2C4C0055DEAD /* ChatChatOnFireTests.xctest */,
				65113E5D1D6C2C4C0055DEAD /* ChatChatOnFireUITests.xctest */,
			);
			name = Products;
			sourceTree = "<group>";
		};
		65113E3D1D6C2C4C0055DEAD /* ChatChatOnFire */ = {
			isa = PBXGroup;
			children = (
				6593B2AF1D740679009C1DEB /* View */,
				6593B2A71D72C869009C1DEB /* Helper */,
				6593B29B1D70E8F9009C1DEB /* Model */,
				65113E6F1D6D27AC0055DEAD /* Controller */,
				65113E421D6C2C4C0055DEAD /* Main.storyboard */,
				65113E481D6C2C4C0055DEAD /* Assets.xcassets */,
				65113E4A1D6C2C4C0055DEAD /* LaunchScreen.storyboard */,
				65113E4D1D6C2C4C0055DEAD /* Info.plist */,
				65113E741D6DA44B0055DEAD /* GoogleService-Info.plist */,
				65113E451D6C2C4C0055DEAD /* ChatChatOnFire.xcdatamodeld */,
			);
			path = ChatChatOnFire;
			sourceTree = "<group>";
		};
		65113E551D6C2C4C0055DEAD /* ChatChatOnFireTests */ = {
			isa = PBXGroup;
			children = (
				65113E561D6C2C4C0055DEAD /* ChatChatOnFireTests.swift */,
				65113E581D6C2C4C0055DEAD /* Info.plist */,
			);
			path = ChatChatOnFireTests;
			sourceTree = "<group>";
		};
		65113E601D6C2C4C0055DEAD /* ChatChatOnFireUITests */ = {
			isa = PBXGroup;
			children = (
				65113E611D6C2C4C0055DEAD /* ChatChatOnFireUITests.swift */,
				65113E631D6C2C4C0055DEAD /* Info.plist */,
			);
			path = ChatChatOnFireUITests;
			sourceTree = "<group>";
		};
		65113E6F1D6D27AC0055DEAD /* Controller */ = {
			isa = PBXGroup;
			children = (
				65113E3E1D6C2C4C0055DEAD /* AppDelegate.swift */,
				65113E401D6C2C4C0055DEAD /* ViewController.swift */,
				6593B2AA1D7374B1009C1DEB /* ChatLogController.swift */,
				6593B2981D70E1DF009C1DEB /* NewMessageTableViewController.swift */,
				65DB0C8B1D82DEED0029FAAF /* AddContactsTableViewController.swift */,
				65113E701D6D29150055DEAD /* LoginViewController.swift */,
				6593B2A41D715445009C1DEB /* LoginViewController+handlers.swift */,
				6592CC5E1D880B37000604AE /* DataReconstruction.swift */,
			);
			name = Controller;
			sourceTree = "<group>";
		};
		6593B29B1D70E8F9009C1DEB /* Model */ = {
			isa = PBXGroup;
			children = (
				6593B2A21D70E996009C1DEB /* User.swift */,
				6593B2AC1D73F87F009C1DEB /* Message.swift */,
				65DD6EE01D83B96400BA79BD /* Friend.swift */,
			);
			name = Model;
			sourceTree = "<group>";
		};
		6593B2A71D72C869009C1DEB /* Helper */ = {
			isa = PBXGroup;
			children = (
				6593B2A81D72C882009C1DEB /* Extension.swift */,
			);
			name = Helper;
			sourceTree = "<group>";
		};
		6593B2AF1D740679009C1DEB /* View */ = {
			isa = PBXGroup;
			children = (
				6593B2B01D740695009C1DEB /* UserCell.swift */,
				6593B2B21D745F91009C1DEB /* ChatMessageCell.swift */,
				65DB0C891D82CB230029FAAF /* FriendListTableViewCell.swift */,
				65DB0C8D1D82E33F0029FAAF /* AddContactListTableViewCell.swift */,
			);
			name = View;
			sourceTree = "<group>";
		};
		E7E011A1F2DD6E42DF65A50F /* Frameworks */ = {
			isa = PBXGroup;
			children = (
				0ABA523D64F41146715F9AF4 /* Pods_ChatChatOnFire.framework */,
				8DB3A202DBAE1ECCD3089B1A /* Pods_ChatChatOnFireTests.framework */,
				2183824D615610619A416F0A /* Pods_ChatChatOnFireUITests.framework */,
			);
			name = Frameworks;
			sourceTree = "<group>";
		};
/* End PBXGroup section */

/* Begin PBXNativeTarget section */
		65113E3A1D6C2C4C0055DEAD /* ChatChatOnFire */ = {
			isa = PBXNativeTarget;
			buildConfigurationList = 65113E661D6C2C4C0055DEAD /* Build configuration list for PBXNativeTarget "ChatChatOnFire" */;
			buildPhases = (
				2ACBD2D3D591937E7C82683A /* [CP] Check Pods Manifest.lock */,
				65113E371D6C2C4C0055DEAD /* Sources */,
				65113E381D6C2C4C0055DEAD /* Frameworks */,
				65113E391D6C2C4C0055DEAD /* Resources */,
				05176D3834E0EB0C4F382CCD /* [CP] Embed Pods Frameworks */,
				89E2FDEAA988A4BFD0783A67 /* [CP] Copy Pods Resources */,
			);
			buildRules = (
			);
			dependencies = (
			);
			name = ChatChatOnFire;
			productName = ChatChatOnFire;
			productReference = 65113E3B1D6C2C4C0055DEAD /* ChatChatOnFire.app */;
			productType = "com.apple.product-type.application";
		};
		65113E511D6C2C4C0055DEAD /* ChatChatOnFireTests */ = {
			isa = PBXNativeTarget;
			buildConfigurationList = 65113E691D6C2C4C0055DEAD /* Build configuration list for PBXNativeTarget "ChatChatOnFireTests" */;
			buildPhases = (
				4C70D567E5135779AA6F7250 /* [CP] Check Pods Manifest.lock */,
				65113E4E1D6C2C4C0055DEAD /* Sources */,
				65113E4F1D6C2C4C0055DEAD /* Frameworks */,
				65113E501D6C2C4C0055DEAD /* Resources */,
				7BDA1B1DA634C40B0D12A327 /* [CP] Embed Pods Frameworks */,
				4611DB96FA356313039FF4E9 /* [CP] Copy Pods Resources */,
			);
			buildRules = (
			);
			dependencies = (
				65113E541D6C2C4C0055DEAD /* PBXTargetDependency */,
			);
			name = ChatChatOnFireTests;
			productName = ChatChatOnFireTests;
			productReference = 65113E521D6C2C4C0055DEAD /* ChatChatOnFireTests.xctest */;
			productType = "com.apple.product-type.bundle.unit-test";
		};
		65113E5C1D6C2C4C0055DEAD /* ChatChatOnFireUITests */ = {
			isa = PBXNativeTarget;
			buildConfigurationList = 65113E6C1D6C2C4C0055DEAD /* Build configuration list for PBXNativeTarget "ChatChatOnFireUITests" */;
			buildPhases = (
				418E4C137702CE27156BBECA /* [CP] Check Pods Manifest.lock */,
				65113E591D6C2C4C0055DEAD /* Sources */,
				65113E5A1D6C2C4C0055DEAD /* Frameworks */,
				65113E5B1D6C2C4C0055DEAD /* Resources */,
				0906D3568839C314CC1EBD13 /* [CP] Copy Pods Resources */,
			);
			buildRules = (
			);
			dependencies = (
				65113E5F1D6C2C4C0055DEAD /* PBXTargetDependency */,
			);
			name = ChatChatOnFireUITests;
			productName = ChatChatOnFireUITests;
			productReference = 65113E5D1D6C2C4C0055DEAD /* ChatChatOnFireUITests.xctest */;
			productType = "com.apple.product-type.bundle.ui-testing";
		};
/* End PBXNativeTarget section */

/* Begin PBXProject section */
		65113E331D6C2C4C0055DEAD /* Project object */ = {
			isa = PBXProject;
			attributes = {
				LastSwiftUpdateCheck = 0730;
				LastUpgradeCheck = 0730;
				ORGANIZATIONNAME = "Lin Wei";
				TargetAttributes = {
					65113E3A1D6C2C4C0055DEAD = {
						CreatedOnToolsVersion = 7.3.1;
						DevelopmentTeam = 775J78N5FZ;
						SystemCapabilities = {
							com.apple.Push = {
								enabled = 1;
							};
						};
					};
					65113E511D6C2C4C0055DEAD = {
						CreatedOnToolsVersion = 7.3.1;
						TestTargetID = 65113E3A1D6C2C4C0055DEAD;
					};
					65113E5C1D6C2C4C0055DEAD = {
						CreatedOnToolsVersion = 7.3.1;
						TestTargetID = 65113E3A1D6C2C4C0055DEAD;
					};
				};
			};
			buildConfigurationList = 65113E361D6C2C4C0055DEAD /* Build configuration list for PBXProject "ChatChatOnFire" */;
			compatibilityVersion = "Xcode 3.2";
			developmentRegion = English;
			hasScannedForEncodings = 0;
			knownRegions = (
				en,
				Base,
			);
			mainGroup = 65113E321D6C2C4C0055DEAD;
			productRefGroup = 65113E3C1D6C2C4C0055DEAD /* Products */;
			projectDirPath = "";
			projectRoot = "";
			targets = (
				65113E3A1D6C2C4C0055DEAD /* ChatChatOnFire */,
				65113E511D6C2C4C0055DEAD /* ChatChatOnFireTests */,
				65113E5C1D6C2C4C0055DEAD /* ChatChatOnFireUITests */,
			);
		};
/* End PBXProject section */

/* Begin PBXResourcesBuildPhase section */
		65113E391D6C2C4C0055DEAD /* Resources */ = {
			isa = PBXResourcesBuildPhase;
			buildActionMask = 2147483647;
			files = (
				65113E4C1D6C2C4C0055DEAD /* LaunchScreen.storyboard in Resources */,
				65113E751D6DA44B0055DEAD /* GoogleService-Info.plist in Resources */,
				65113E491D6C2C4C0055DEAD /* Assets.xcassets in Resources */,
				65113E441D6C2C4C0055DEAD /* Main.storyboard in Resources */,
			);
			runOnlyForDeploymentPostprocessing = 0;
		};
		65113E501D6C2C4C0055DEAD /* Resources */ = {
			isa = PBXResourcesBuildPhase;
			buildActionMask = 2147483647;
			files = (
			);
			runOnlyForDeploymentPostprocessing = 0;
		};
		65113E5B1D6C2C4C0055DEAD /* Resources */ = {
			isa = PBXResourcesBuildPhase;
			buildActionMask = 2147483647;
			files = (
			);
			runOnlyForDeploymentPostprocessing = 0;
		};
/* End PBXResourcesBuildPhase section */

/* Begin PBXShellScriptBuildPhase section */
		05176D3834E0EB0C4F382CCD /* [CP] Embed Pods Frameworks */ = {
			isa = PBXShellScriptBuildPhase;
			buildActionMask = 2147483647;
			files = (
			);
			inputPaths = (
			);
			name = "[CP] Embed Pods Frameworks";
			outputPaths = (
			);
			runOnlyForDeploymentPostprocessing = 0;
			shellPath = /bin/sh;
			shellScript = "\"${SRCROOT}/Pods/Target Support Files/Pods-ChatChatOnFire/Pods-ChatChatOnFire-frameworks.sh\"\n";
			showEnvVarsInLog = 0;
		};
		0906D3568839C314CC1EBD13 /* [CP] Copy Pods Resources */ = {
			isa = PBXShellScriptBuildPhase;
			buildActionMask = 2147483647;
			files = (
			);
			inputPaths = (
			);
			name = "[CP] Copy Pods Resources";
			outputPaths = (
			);
			runOnlyForDeploymentPostprocessing = 0;
			shellPath = /bin/sh;
			shellScript = "\"${SRCROOT}/Pods/Target Support Files/Pods-ChatChatOnFireUITests/Pods-ChatChatOnFireUITests-resources.sh\"\n";
			showEnvVarsInLog = 0;
		};
		2ACBD2D3D591937E7C82683A /* [CP] Check Pods Manifest.lock */ = {
			isa = PBXShellScriptBuildPhase;
			buildActionMask = 2147483647;
			files = (
			);
			inputPaths = (
			);
			name = "[CP] Check Pods Manifest.lock";
			outputPaths = (
			);
			runOnlyForDeploymentPostprocessing = 0;
			shellPath = /bin/sh;
			shellScript = "diff \"${PODS_ROOT}/../Podfile.lock\" \"${PODS_ROOT}/Manifest.lock\" > /dev/null\nif [[ $? != 0 ]] ; then\n    cat << EOM\nerror: The sandbox is not in sync with the Podfile.lock. Run 'pod install' or update your CocoaPods installation.\nEOM\n    exit 1\nfi\n";
			showEnvVarsInLog = 0;
		};
		418E4C137702CE27156BBECA /* [CP] Check Pods Manifest.lock */ = {
			isa = PBXShellScriptBuildPhase;
			buildActionMask = 2147483647;
			files = (
			);
			inputPaths = (
			);
			name = "[CP] Check Pods Manifest.lock";
			outputPaths = (
			);
			runOnlyForDeploymentPostprocessing = 0;
			shellPath = /bin/sh;
			shellScript = "diff \"${PODS_ROOT}/../Podfile.lock\" \"${PODS_ROOT}/Manifest.lock\" > /dev/null\nif [[ $? != 0 ]] ; then\n    cat << EOM\nerror: The sandbox is not in sync with the Podfile.lock. Run 'pod install' or update your CocoaPods installation.\nEOM\n    exit 1\nfi\n";
			showEnvVarsInLog = 0;
		};
		4611DB96FA356313039FF4E9 /* [CP] Copy Pods Resources */ = {
			isa = PBXShellScriptBuildPhase;
			buildActionMask = 2147483647;
			files = (
			);
			inputPaths = (
			);
			name = "[CP] Copy Pods Resources";
			outputPaths = (
			);
			runOnlyForDeploymentPostprocessing = 0;
			shellPath = /bin/sh;
			shellScript = "\"${SRCROOT}/Pods/Target Support Files/Pods-ChatChatOnFireTests/Pods-ChatChatOnFireTests-resources.sh\"\n";
			showEnvVarsInLog = 0;
		};
		4C70D567E5135779AA6F7250 /* [CP] Check Pods Manifest.lock */ = {
			isa = PBXShellScriptBuildPhase;
			buildActionMask = 2147483647;
			files = (
			);
			inputPaths = (
			);
			name = "[CP] Check Pods Manifest.lock";
			outputPaths = (
			);
			runOnlyForDeploymentPostprocessing = 0;
			shellPath = /bin/sh;
			shellScript = "diff \"${PODS_ROOT}/../Podfile.lock\" \"${PODS_ROOT}/Manifest.lock\" > /dev/null\nif [[ $? != 0 ]] ; then\n    cat << EOM\nerror: The sandbox is not in sync with the Podfile.lock. Run 'pod install' or update your CocoaPods installation.\nEOM\n    exit 1\nfi\n";
			showEnvVarsInLog = 0;
		};
		7BDA1B1DA634C40B0D12A327 /* [CP] Embed Pods Frameworks */ = {
			isa = PBXShellScriptBuildPhase;
			buildActionMask = 2147483647;
			files = (
			);
			inputPaths = (
			);
			name = "[CP] Embed Pods Frameworks";
			outputPaths = (
			);
			runOnlyForDeploymentPostprocessing = 0;
			shellPath = /bin/sh;
			shellScript = "\"${SRCROOT}/Pods/Target Support Files/Pods-ChatChatOnFireTests/Pods-ChatChatOnFireTests-frameworks.sh\"\n";
			showEnvVarsInLog = 0;
		};
		89E2FDEAA988A4BFD0783A67 /* [CP] Copy Pods Resources */ = {
			isa = PBXShellScriptBuildPhase;
			buildActionMask = 2147483647;
			files = (
			);
			inputPaths = (
			);
			name = "[CP] Copy Pods Resources";
			outputPaths = (
			);
			runOnlyForDeploymentPostprocessing = 0;
			shellPath = /bin/sh;
			shellScript = "\"${SRCROOT}/Pods/Target Support Files/Pods-ChatChatOnFire/Pods-ChatChatOnFire-resources.sh\"\n";
			showEnvVarsInLog = 0;
		};
/* End PBXShellScriptBuildPhase section */

/* Begin PBXSourcesBuildPhase section */
		65113E371D6C2C4C0055DEAD /* Sources */ = {
			isa = PBXSourcesBuildPhase;
			buildActionMask = 2147483647;
			files = (
				65DB0C8E1D82E33F0029FAAF /* AddContactListTableViewCell.swift in Sources */,
				6593B2AB1D7374B1009C1DEB /* ChatLogController.swift in Sources */,
				65113E711D6D29150055DEAD /* LoginViewController.swift in Sources */,
				65113E411D6C2C4C0055DEAD /* ViewController.swift in Sources */,
				6593B2A31D70E996009C1DEB /* User.swift in Sources */,
				65113E471D6C2C4C0055DEAD /* ChatChatOnFire.xcdatamodeld in Sources */,
				65113E3F1D6C2C4C0055DEAD /* AppDelegate.swift in Sources */,
				65DB0C8C1D82DEED0029FAAF /* AddContactsTableViewController.swift in Sources */,
				6593B2A51D715445009C1DEB /* LoginViewController+handlers.swift in Sources */,
				6593B2AD1D73F87F009C1DEB /* Message.swift in Sources */,
				65DB0C8A1D82CB230029FAAF /* FriendListTableViewCell.swift in Sources */,
				6593B2991D70E1DF009C1DEB /* NewMessageTableViewController.swift in Sources */,
				6593B2B31D745F91009C1DEB /* ChatMessageCell.swift in Sources */,
				6592CC5F1D880B37000604AE /* DataReconstruction.swift in Sources */,
				6593B2B11D740695009C1DEB /* UserCell.swift in Sources */,
				6593B2A91D72C882009C1DEB /* Extension.swift in Sources */,
				65DD6EE11D83B96400BA79BD /* Friend.swift in Sources */,
			);
			runOnlyForDeploymentPostprocessing = 0;
		};
		65113E4E1D6C2C4C0055DEAD /* Sources */ = {
			isa = PBXSourcesBuildPhase;
			buildActionMask = 2147483647;
			files = (
				65113E571D6C2C4C0055DEAD /* ChatChatOnFireTests.swift in Sources */,
			);
			runOnlyForDeploymentPostprocessing = 0;
		};
		65113E591D6C2C4C0055DEAD /* Sources */ = {
			isa = PBXSourcesBuildPhase;
			buildActionMask = 2147483647;
			files = (
				65113E621D6C2C4C0055DEAD /* ChatChatOnFireUITests.swift in Sources */,
			);
			runOnlyForDeploymentPostprocessing = 0;
		};
/* End PBXSourcesBuildPhase section */

/* Begin PBXTargetDependency section */
		65113E541D6C2C4C0055DEAD /* PBXTargetDependency */ = {
			isa = PBXTargetDependency;
			target = 65113E3A1D6C2C4C0055DEAD /* ChatChatOnFire */;
			targetProxy = 65113E531D6C2C4C0055DEAD /* PBXContainerItemProxy */;
		};
		65113E5F1D6C2C4C0055DEAD /* PBXTargetDependency */ = {
			isa = PBXTargetDependency;
			target = 65113E3A1D6C2C4C0055DEAD /* ChatChatOnFire */;
			targetProxy = 65113E5E1D6C2C4C0055DEAD /* PBXContainerItemProxy */;
		};
/* End PBXTargetDependency section */

/* Begin PBXVariantGroup section */
		65113E421D6C2C4C0055DEAD /* Main.storyboard */ = {
			isa = PBXVariantGroup;
			children = (
				65113E431D6C2C4C0055DEAD /* Base */,
			);
			name = Main.storyboard;
			sourceTree = "<group>";
		};
		65113E4A1D6C2C4C0055DEAD /* LaunchScreen.storyboard */ = {
			isa = PBXVariantGroup;
			children = (
				65113E4B1D6C2C4C0055DEAD /* Base */,
			);
			name = LaunchScreen.storyboard;
			sourceTree = "<group>";
		};
/* End PBXVariantGroup section */

/* Begin XCBuildConfiguration section */
		65113E641D6C2C4C0055DEAD /* Debug */ = {
			isa = XCBuildConfiguration;
			buildSettings = {
				ALWAYS_SEARCH_USER_PATHS = NO;
				CLANG_ANALYZER_NONNULL = YES;
				CLANG_CXX_LANGUAGE_STANDARD = "gnu++0x";
				CLANG_CXX_LIBRARY = "libc++";
				CLANG_ENABLE_MODULES = YES;
				CLANG_ENABLE_OBJC_ARC = YES;
				CLANG_WARN_BOOL_CONVERSION = YES;
				CLANG_WARN_CONSTANT_CONVERSION = YES;
				CLANG_WARN_DIRECT_OBJC_ISA_USAGE = YES_ERROR;
				CLANG_WARN_EMPTY_BODY = YES;
				CLANG_WARN_ENUM_CONVERSION = YES;
				CLANG_WARN_INT_CONVERSION = YES;
				CLANG_WARN_OBJC_ROOT_CLASS = YES_ERROR;
				CLANG_WARN_UNREACHABLE_CODE = YES;
				CLANG_WARN__DUPLICATE_METHOD_MATCH = YES;
				CODE_SIGN_IDENTITY = "iPhone Distribution: Lin Wei (775J78N5FZ)";
				"CODE_SIGN_IDENTITY[sdk=iphoneos*]" = "iPhone Distribution: Lin Wei (775J78N5FZ)";
				COPY_PHASE_STRIP = NO;
				DEBUG_INFORMATION_FORMAT = dwarf;
				ENABLE_STRICT_OBJC_MSGSEND = YES;
				ENABLE_TESTABILITY = YES;
				GCC_C_LANGUAGE_STANDARD = gnu99;
				GCC_DYNAMIC_NO_PIC = NO;
				GCC_NO_COMMON_BLOCKS = YES;
				GCC_OPTIMIZATION_LEVEL = 0;
				GCC_PREPROCESSOR_DEFINITIONS = (
					"DEBUG=1",
					"$(inherited)",
				);
				GCC_WARN_64_TO_32_BIT_CONVERSION = YES;
				GCC_WARN_ABOUT_RETURN_TYPE = YES_ERROR;
				GCC_WARN_UNDECLARED_SELECTOR = YES;
				GCC_WARN_UNINITIALIZED_AUTOS = YES_AGGRESSIVE;
				GCC_WARN_UNUSED_FUNCTION = YES;
				GCC_WARN_UNUSED_VARIABLE = YES;
				IPHONEOS_DEPLOYMENT_TARGET = 9.0;
				MTL_ENABLE_DEBUG_INFO = YES;
				ONLY_ACTIVE_ARCH = YES;
				PROVISIONING_PROFILE = "";
				SDKROOT = iphoneos;
				SWIFT_OPTIMIZATION_LEVEL = "-Onone";
				TARGETED_DEVICE_FAMILY = "1,2";
			};
			name = Debug;
		};
		65113E651D6C2C4C0055DEAD /* Release */ = {
			isa = XCBuildConfiguration;
			buildSettings = {
				ALWAYS_SEARCH_USER_PATHS = NO;
				CLANG_ANALYZER_NONNULL = YES;
				CLANG_CXX_LANGUAGE_STANDARD = "gnu++0x";
				CLANG_CXX_LIBRARY = "libc++";
				CLANG_ENABLE_MODULES = YES;
				CLANG_ENABLE_OBJC_ARC = YES;
				CLANG_WARN_BOOL_CONVERSION = YES;
				CLANG_WARN_CONSTANT_CONVERSION = YES;
				CLANG_WARN_DIRECT_OBJC_ISA_USAGE = YES_ERROR;
				CLANG_WARN_EMPTY_BODY = YES;
				CLANG_WARN_ENUM_CONVERSION = YES;
				CLANG_WARN_INT_CONVERSION = YES;
				CLANG_WARN_OBJC_ROOT_CLASS = YES_ERROR;
				CLANG_WARN_UNREACHABLE_CODE = YES;
				CLANG_WARN__DUPLICATE_METHOD_MATCH = YES;
				CODE_SIGN_IDENTITY = "iPhone Distribution: Lin Wei (775J78N5FZ)";
				"CODE_SIGN_IDENTITY[sdk=iphoneos*]" = "iPhone Distribution: Lin Wei (775J78N5FZ)";
				COPY_PHASE_STRIP = NO;
				DEBUG_INFORMATION_FORMAT = "dwarf-with-dsym";
				ENABLE_NS_ASSERTIONS = NO;
				ENABLE_STRICT_OBJC_MSGSEND = YES;
				GCC_C_LANGUAGE_STANDARD = gnu99;
				GCC_NO_COMMON_BLOCKS = YES;
				GCC_WARN_64_TO_32_BIT_CONVERSION = YES;
				GCC_WARN_ABOUT_RETURN_TYPE = YES_ERROR;
				GCC_WARN_UNDECLARED_SELECTOR = YES;
				GCC_WARN_UNINITIALIZED_AUTOS = YES_AGGRESSIVE;
				GCC_WARN_UNUSED_FUNCTION = YES;
				GCC_WARN_UNUSED_VARIABLE = YES;
				IPHONEOS_DEPLOYMENT_TARGET = 9.0;
				MTL_ENABLE_DEBUG_INFO = NO;
				PROVISIONING_PROFILE = "";
				SDKROOT = iphoneos;
				TARGETED_DEVICE_FAMILY = "1,2";
				VALIDATE_PRODUCT = YES;
			};
			name = Release;
		};
		65113E671D6C2C4C0055DEAD /* Debug */ = {
			isa = XCBuildConfiguration;
			baseConfigurationReference = E89C1E3FCC1E7FA18AC517EF /* Pods-ChatChatOnFire.debug.xcconfig */;
			buildSettings = {
				ASSETCATALOG_COMPILER_APPICON_NAME = AppIcon;
				CODE_SIGN_IDENTITY = "iPhone Developer";
				"CODE_SIGN_IDENTITY[sdk=iphoneos*]" = "iPhone Developer";
				INFOPLIST_FILE = ChatChatOnFire/Info.plist;
				LD_RUNPATH_SEARCH_PATHS = "$(inherited) @executable_path/Frameworks";
				PRODUCT_BUNDLE_IDENTIFIER = com.fengchao.ChatChatOnFire;
				PRODUCT_NAME = "$(TARGET_NAME)";
				PROVISIONING_PROFILE = "";
			};
			name = Debug;
		};
		65113E681D6C2C4C0055DEAD /* Release */ = {
			isa = XCBuildConfiguration;
			baseConfigurationReference = A19F10DD8AE331EAA69A1F59 /* Pods-ChatChatOnFire.release.xcconfig */;
			buildSettings = {
				ASSETCATALOG_COMPILER_APPICON_NAME = AppIcon;
				CODE_SIGN_IDENTITY = "iPhone Developer";
				"CODE_SIGN_IDENTITY[sdk=iphoneos*]" = "iPhone Developer";
				INFOPLIST_FILE = ChatChatOnFire/Info.plist;
				LD_RUNPATH_SEARCH_PATHS = "$(inherited) @executable_path/Frameworks";
				PRODUCT_BUNDLE_IDENTIFIER = com.fengchao.ChatChatOnFire;
				PRODUCT_NAME = "$(TARGET_NAME)";
				PROVISIONING_PROFILE = "";
			};
			name = Release;
		};
		65113E6A1D6C2C4C0055DEAD /* Debug */ = {
			isa = XCBuildConfiguration;
			baseConfigurationReference = E8464F59F785024AF4E83027 /* Pods-ChatChatOnFireTests.debug.xcconfig */;
			buildSettings = {
				BUNDLE_LOADER = "$(TEST_HOST)";
				INFOPLIST_FILE = ChatChatOnFireTests/Info.plist;
				LD_RUNPATH_SEARCH_PATHS = "$(inherited) @executable_path/Frameworks @loader_path/Frameworks";
				PRODUCT_BUNDLE_IDENTIFIER = com.fengchao.ChatChatOnFireTests;
				PRODUCT_NAME = "$(TARGET_NAME)";
				TEST_HOST = "$(BUILT_PRODUCTS_DIR)/ChatChatOnFire.app/ChatChatOnFire";
			};
			name = Debug;
		};
		65113E6B1D6C2C4C0055DEAD /* Release */ = {
			isa = XCBuildConfiguration;
			baseConfigurationReference = C321B3B5218EC3D123171650 /* Pods-ChatChatOnFireTests.release.xcconfig */;
			buildSettings = {
				BUNDLE_LOADER = "$(TEST_HOST)";
				INFOPLIST_FILE = ChatChatOnFireTests/Info.plist;
				LD_RUNPATH_SEARCH_PATHS = "$(inherited) @executable_path/Frameworks @loader_path/Frameworks";
				PRODUCT_BUNDLE_IDENTIFIER = com.fengchao.ChatChatOnFireTests;
				PRODUCT_NAME = "$(TARGET_NAME)";
				TEST_HOST = "$(BUILT_PRODUCTS_DIR)/ChatChatOnFire.app/ChatChatOnFire";
			};
			name = Release;
		};
		65113E6D1D6C2C4C0055DEAD /* Debug */ = {
			isa = XCBuildConfiguration;
			baseConfigurationReference = BED4318327F8E94E1C38F760 /* Pods-ChatChatOnFireUITests.debug.xcconfig */;
			buildSettings = {
				INFOPLIST_FILE = ChatChatOnFireUITests/Info.plist;
				LD_RUNPATH_SEARCH_PATHS = "$(inherited) @executable_path/Frameworks @loader_path/Frameworks";
				PRODUCT_BUNDLE_IDENTIFIER = com.fengchao.ChatChatOnFireUITests;
				PRODUCT_NAME = "$(TARGET_NAME)";
				TEST_TARGET_NAME = ChatChatOnFire;
			};
			name = Debug;
		};
		65113E6E1D6C2C4C0055DEAD /* Release */ = {
			isa = XCBuildConfiguration;
			baseConfigurationReference = FE6DC178CBD2A9D65C834472 /* Pods-ChatChatOnFireUITests.release.xcconfig */;
			buildSettings = {
				INFOPLIST_FILE = ChatChatOnFireUITests/Info.plist;
				LD_RUNPATH_SEARCH_PATHS = "$(inherited) @executable_path/Frameworks @loader_path/Frameworks";
				PRODUCT_BUNDLE_IDENTIFIER = com.fengchao.ChatChatOnFireUITests;
				PRODUCT_NAME = "$(TARGET_NAME)";
				TEST_TARGET_NAME = ChatChatOnFire;
			};
			name = Release;
		};
/* End XCBuildConfiguration section */

/* Begin XCConfigurationList section */
		65113E361D6C2C4C0055DEAD /* Build configuration list for PBXProject "ChatChatOnFire" */ = {
			isa = XCConfigurationList;
			buildConfigurations = (
				65113E641D6C2C4C0055DEAD /* Debug */,
				65113E651D6C2C4C0055DEAD /* Release */,
			);
			defaultConfigurationIsVisible = 0;
			defaultConfigurationName = Release;
		};
		65113E661D6C2C4C0055DEAD /* Build configuration list for PBXNativeTarget "ChatChatOnFire" */ = {
			isa = XCConfigurationList;
			buildConfigurations = (
				65113E671D6C2C4C0055DEAD /* Debug */,
				65113E681D6C2C4C0055DEAD /* Release */,
			);
			defaultConfigurationIsVisible = 0;
			defaultConfigurationName = Release;
		};
		65113E691D6C2C4C0055DEAD /* Build configuration list for PBXNativeTarget "ChatChatOnFireTests" */ = {
			isa = XCConfigurationList;
			buildConfigurations = (
				65113E6A1D6C2C4C0055DEAD /* Debug */,
				65113E6B1D6C2C4C0055DEAD /* Release */,
			);
			defaultConfigurationIsVisible = 0;
			defaultConfigurationName = Release;
		};
		65113E6C1D6C2C4C0055DEAD /* Build configuration list for PBXNativeTarget "ChatChatOnFireUITests" */ = {
			isa = XCConfigurationList;
			buildConfigurations = (
				65113E6D1D6C2C4C0055DEAD /* Debug */,
				65113E6E1D6C2C4C0055DEAD /* Release */,
			);
			defaultConfigurationIsVisible = 0;
			defaultConfigurationName = Release;
		};
/* End XCConfigurationList section */

/* Begin XCVersionGroup section */
		65113E451D6C2C4C0055DEAD /* ChatChatOnFire.xcdatamodeld */ = {
			isa = XCVersionGroup;
			children = (
				65113E461D6C2C4C0055DEAD /* ChatChatOnFire.xcdatamodel */,
			);
			currentVersion = 65113E461D6C2C4C0055DEAD /* ChatChatOnFire.xcdatamodel */;
			path = ChatChatOnFire.xcdatamodeld;
			sourceTree = "<group>";
			versionGroupType = wrapper.xcdatamodel;
		};
/* End XCVersionGroup section */
	};
	rootObject = 65113E331D6C2C4C0055DEAD /* Project object */;
}
