// !$*UTF8*$!
{
	archiveVersion = 1;
	classes = {
	};
	objectVersion = 46;
	objects = {

/* Begin PBXBuildFile section */
		65113E3F1D6C2C4C0055DEAD /* AppDelegate.swift in Sources */ = {isa = PBXBuildFile; fileRef = 65113E3E1D6C2C4C0055DEAD /* AppDelegate.swift */; };
		65113E411D6C2C4C0055DEAD /* ViewController.swift in Sources */ = {isa = PBXBuildFile; fileRef = 65113E401D6C2C4C0055DEAD /* ViewController.swift */; };
		65113E441D6C2C4C0055DEAD /* Main.storyboard in Resources */ = {isa = PBXBuildFile; fileRef = 65113E421D6C2C4C0055DEAD /* Main.storyboard */; };
		65113E471D6C2C4C0055DEAD /* ChatChatOnFire.xcdatamodeld in Sources */ = {isa = PBXBuildFile; fileRef = 65113E451D6C2C4C0055DEAD /* ChatChatOnFire.xcdatamodeld */; };
		65113E491D6C2C4C0055DEAD /* Assets.xcassets in Resources */ = {isa = PBXBuildFile; fileRef = 65113E481D6C2C4C0055DEAD /* Assets.xcassets */; };
		65113E4C1D6C2C4C0055DEAD /* LaunchScreen.storyboard in Resources */ = {isa = PBXBuildFile; fileRef = 65113E4A1D6C2C4C0055DEAD /* LaunchScreen.storyboard */; };
		65113E571D6C2C4C0055DEAD /* ChatChatOnFireTests.swift in Sources */ = {isa = PBXBuildFile; fileRef = 65113E561D6C2C4C0055DEAD /* ChatChatOnFireTests.swift */; };
		65113E621D6C2C4C0055DEAD /* ChatChatOnFireUITests.swift in Sources */ = {isa = PBXBuildFile; fileRef = 65113E611D6C2C4C0055DEAD /* ChatChatOnFireUITests.swift */; };
/* End PBXBuildFile section */

/* Begin PBXContainerItemProxy section */
		65113E531D6C2C4C0055DEAD /* PBXContainerItemProxy */ = {
			isa = PBXContainerItemProxy;
			containerPortal = 65113E331D6C2C4C0055DEAD /* Project object */;
			proxyType = 1;
			remoteGlobalIDString = 65113E3A1D6C2C4C0055DEAD;
			remoteInfo = ChatChatOnFire;
		};
		65113E5E1D6C2C4C0055DEAD /* PBXContainerItemProxy */ = {
			isa = PBXContainerItemProxy;
			containerPortal = 65113E331D6C2C4C0055DEAD /* Project object */;
			proxyType = 1;
			remoteGlobalIDString = 65113E3A1D6C2C4C0055DEAD;
			remoteInfo = ChatChatOnFire;
		};
/* End PBXContainerItemProxy section */

/* Begin PBXFileReference section */
		65113E3B1D6C2C4C0055DEAD /* ChatChatOnFire.app */ = {isa = PBXFileReference; explicitFileType = wrapper.application; includeInIndex = 0; path = ChatChatOnFire.app; sourceTree = BUILT_PRODUCTS_DIR; };
		65113E3E1D6C2C4C0055DEAD /* AppDelegate.swift */ = {isa = PBXFileReference; lastKnownFileType = sourcecode.swift; path = AppDelegate.swift; sourceTree = "<group>"; };
		65113E401D6C2C4C0055DEAD /* ViewController.swift */ = {isa = PBXFileReference; lastKnownFileType = sourcecode.swift; path = ViewController.swift; sourceTree = "<group>"; };
		65113E431D6C2C4C0055DEAD /* Base */ = {isa = PBXFileReference; lastKnownFileType = file.storyboard; name = Base; path = Base.lproj/Main.storyboard; sourceTree = "<group>"; };
		65113E461D6C2C4C0055DEAD /* ChatChatOnFire.xcdatamodel */ = {isa = PBXFileReference; lastKnownFileType = wrapper.xcdatamodel; path = ChatChatOnFire.xcdatamodel; sourceTree = "<group>"; };
		65113E481D6C2C4C0055DEAD /* Assets.xcassets */ = {isa = PBXFileReference; lastKnownFileType = folder.assetcatalog; path = Assets.xcassets; sourceTree = "<group>"; };
		65113E4B1D6C2C4C0055DEAD /* Base */ = {isa = PBXFileReference; lastKnownFileType = file.storyboard; name = Base; path = Base.lproj/LaunchScreen.storyboard; sourceTree = "<group>"; };
		65113E4D1D6C2C4C0055DEAD /* Info.plist */ = {isa = PBXFileReference; lastKnownFileType = text.plist.xml; path = Info.plist; sourceTree = "<group>"; };
		65113E521D6C2C4C0055DEAD /* ChatChatOnFireTests.xctest */ = {isa = PBXFileReference; explicitFileType = wrapper.cfbundle; includeInIndex = 0; path = ChatChatOnFireTests.xctest; sourceTree = BUILT_PRODUCTS_DIR; };
		65113E561D6C2C4C0055DEAD /* ChatChatOnFireTests.swift */ = {isa = PBXFileReference; lastKnownFileType = sourcecode.swift; path = ChatChatOnFireTests.swift; sourceTree = "<group>"; };
		65113E581D6C2C4C0055DEAD /* Info.plist */ = {isa = PBXFileReference; lastKnownFileType = text.plist.xml; path = Info.plist; sourceTree = "<group>"; };
		65113E5D1D6C2C4C0055DEAD /* ChatChatOnFireUITests.xctest */ = {isa = PBXFileReference; explicitFileType = wrapper.cfbundle; includeInIndex = 0; path = ChatChatOnFireUITests.xctest; sourceTree = BUILT_PRODUCTS_DIR; };
		65113E611D6C2C4C0055DEAD /* ChatChatOnFireUITests.swift */ = {isa = PBXFileReference; lastKnownFileType = sourcecode.swift; path = ChatChatOnFireUITests.swift; sourceTree = "<group>"; };
		65113E631D6C2C4C0055DEAD /* Info.plist */ = {isa = PBXFileReference; lastKnownFileType = text.plist.xml; path = Info.plist; sourceTree = "<group>"; };
/* End PBXFileReference section */

/* Begin PBXFrameworksBuildPhase section */
		65113E381D6C2C4C0055DEAD /* Frameworks */ = {
			isa = PBXFrameworksBuildPhase;
			buildActionMask = 2147483647;
			files = (
			);
			runOnlyForDeploymentPostprocessing = 0;
		};
		65113E4F1D6C2C4C0055DEAD /* Frameworks */ = {
			isa = PBXFrameworksBuildPhase;
			buildActionMask = 2147483647;
			files = (
			);
			runOnlyForDeploymentPostprocessing = 0;
		};
		65113E5A1D6C2C4C0055DEAD /* Frameworks */ = {
			isa = PBXFrameworksBuildPhase;
			buildActionMask = 2147483647;
			files = (
			);
			runOnlyForDeploymentPostprocessing = 0;
		};
/* End PBXFrameworksBuildPhase section */

/* Begin PBXGroup section */
		65113E321D6C2C4C0055DEAD = {
			isa = PBXGroup;
			children = (
				65113E3D1D6C2C4C0055DEAD /* ChatChatOnFire */,
				65113E551D6C2C4C0055DEAD /* ChatChatOnFireTests */,
				65113E601D6C2C4C0055DEAD /* ChatChatOnFireUITests */,
				65113E3C1D6C2C4C0055DEAD /* Products */,
			);
			sourceTree = "<group>";
		};
		65113E3C1D6C2C4C0055DEAD /* Products */ = {
			isa = PBXGroup;
			children = (
				65113E3B1D6C2C4C0055DEAD /* ChatChatOnFire.app */,
				65113E521D6C2C4C0055DEAD /* ChatChatOnFireTests.xctest */,
				65113E5D1D6C2C4C0055DEAD /* ChatChatOnFireUITests.xctest */,
			);
			name = Products;
			sourceTree = "<group>";
		};
		65113E3D1D6C2C4C0055DEAD /* ChatChatOnFire */ = {
			isa = PBXGroup;
			children = (
				65113E3E1D6C2C4C0055DEAD /* AppDelegate.swift */,
				65113E401D6C2C4C0055DEAD /* ViewController.swift */,
				65113E421D6C2C4C0055DEAD /* Main.storyboard */,
				65113E481D6C2C4C0055DEAD /* Assets.xcassets */,
				65113E4A1D6C2C4C0055DEAD /* LaunchScreen.storyboard */,
				65113E4D1D6C2C4C0055DEAD /* Info.plist */,
				65113E451D6C2C4C0055DEAD /* ChatChatOnFire.xcdatamodeld */,
			);
			path = ChatChatOnFire;
			sourceTree = "<group>";
		};
		65113E551D6C2C4C0055DEAD /* ChatChatOnFireTests */ = {
			isa = PBXGroup;
			children = (
				65113E561D6C2C4C0055DEAD /* ChatChatOnFireTests.swift */,
				65113E581D6C2C4C0055DEAD /* Info.plist */,
			);
			path = ChatChatOnFireTests;
			sourceTree = "<group>";
		};
		65113E601D6C2C4C0055DEAD /* ChatChatOnFireUITests */ = {
			isa = PBXGroup;
			children = (
				65113E611D6C2C4C0055DEAD /* ChatChatOnFireUITests.swift */,
				65113E631D6C2C4C0055DEAD /* Info.plist */,
			);
			path = ChatChatOnFireUITests;
			sourceTree = "<group>";
		};
/* End PBXGroup section */

/* Begin PBXNativeTarget section */
		65113E3A1D6C2C4C0055DEAD /* ChatChatOnFire */ = {
			isa = PBXNativeTarget;
			buildConfigurationList = 65113E661D6C2C4C0055DEAD /* Build configuration list for PBXNativeTarget "ChatChatOnFire" */;
			buildPhases = (
				65113E371D6C2C4C0055DEAD /* Sources */,
				65113E381D6C2C4C0055DEAD /* Frameworks */,
				65113E391D6C2C4C0055DEAD /* Resources */,
			);
			buildRules = (
			);
			dependencies = (
			);
			name = ChatChatOnFire;
			productName = ChatChatOnFire;
			productReference = 65113E3B1D6C2C4C0055DEAD /* ChatChatOnFire.app */;
			productType = "com.apple.product-type.application";
		};
		65113E511D6C2C4C0055DEAD /* ChatChatOnFireTests */ = {
			isa = PBXNativeTarget;
			buildConfigurationList = 65113E691D6C2C4C0055DEAD /* Build configuration list for PBXNativeTarget "ChatChatOnFireTests" */;
			buildPhases = (
				65113E4E1D6C2C4C0055DEAD /* Sources */,
				65113E4F1D6C2C4C0055DEAD /* Frameworks */,
				65113E501D6C2C4C0055DEAD /* Resources */,
			);
			buildRules = (
			);
			dependencies = (
				65113E541D6C2C4C0055DEAD /* PBXTargetDependency */,
			);
			name = ChatChatOnFireTests;
			productName = ChatChatOnFireTests;
			productReference = 65113E521D6C2C4C0055DEAD /* ChatChatOnFireTests.xctest */;
			productType = "com.apple.product-type.bundle.unit-test";
		};
		65113E5C1D6C2C4C0055DEAD /* ChatChatOnFireUITests */ = {
			isa = PBXNativeTarget;
			buildConfigurationList = 65113E6C1D6C2C4C0055DEAD /* Build configuration list for PBXNativeTarget "ChatChatOnFireUITests" */;
			buildPhases = (
				65113E591D6C2C4C0055DEAD /* Sources */,
				65113E5A1D6C2C4C0055DEAD /* Frameworks */,
				65113E5B1D6C2C4C0055DEAD /* Resources */,
			);
			buildRules = (
			);
			dependencies = (
				65113E5F1D6C2C4C0055DEAD /* PBXTargetDependency */,
			);
			name = ChatChatOnFireUITests;
			productName = ChatChatOnFireUITests;
			productReference = 65113E5D1D6C2C4C0055DEAD /* ChatChatOnFireUITests.xctest */;
			productType = "com.apple.product-type.bundle.ui-testing";
		};
/* End PBXNativeTarget section */

/* Begin PBXProject section */
		65113E331D6C2C4C0055DEAD /* Project object */ = {
			isa = PBXProject;
			attributes = {
				LastSwiftUpdateCheck = 0730;
				LastUpgradeCheck = 0730;
				ORGANIZATIONNAME = "Lin Wei";
				TargetAttributes = {
					65113E3A1D6C2C4C0055DEAD = {
						CreatedOnToolsVersion = 7.3.1;
					};
					65113E511D6C2C4C0055DEAD = {
						CreatedOnToolsVersion = 7.3.1;
						TestTargetID = 65113E3A1D6C2C4C0055DEAD;
					};
					65113E5C1D6C2C4C0055DEAD = {
						CreatedOnToolsVersion = 7.3.1;
						TestTargetID = 65113E3A1D6C2C4C0055DEAD;
					};
				};
			};
			buildConfigurationList = 65113E361D6C2C4C0055DEAD /* Build configuration list for PBXProject "ChatChatOnFire" */;
			compatibilityVersion = "Xcode 3.2";
			developmentRegion = English;
			hasScannedForEncodings = 0;
			knownRegions = (
				en,
				Base,
			);
			mainGroup = 65113E321D6C2C4C0055DEAD;
			productRefGroup = 65113E3C1D6C2C4C0055DEAD /* Products */;
			projectDirPath = "";
			projectRoot = "";
			targets = (
				65113E3A1D6C2C4C0055DEAD /* ChatChatOnFire */,
				65113E511D6C2C4C0055DEAD /* ChatChatOnFireTests */,
				65113E5C1D6C2C4C0055DEAD /* ChatChatOnFireUITests */,
			);
		};
/* End PBXProject section */

/* Begin PBXResourcesBuildPhase section */
		65113E391D6C2C4C0055DEAD /* Resources */ = {
			isa = PBXResourcesBuildPhase;
			buildActionMask = 2147483647;
			files = (
				65113E4C1D6C2C4C0055DEAD /* LaunchScreen.storyboard in Resources */,
				65113E491D6C2C4C0055DEAD /* Assets.xcassets in Resources */,
				65113E441D6C2C4C0055DEAD /* Main.storyboard in Resources */,
			);
			runOnlyForDeploymentPostprocessing = 0;
		};
		65113E501D6C2C4C0055DEAD /* Resources */ = {
			isa = PBXResourcesBuildPhase;
			buildActionMask = 2147483647;
			files = (
			);
			runOnlyForDeploymentPostprocessing = 0;
		};
		65113E5B1D6C2C4C0055DEAD /* Resources */ = {
			isa = PBXResourcesBuildPhase;
			buildActionMask = 2147483647;
			files = (
			);
			runOnlyForDeploymentPostprocessing = 0;
		};
/* End PBXResourcesBuildPhase section */

/* Begin PBXSourcesBuildPhase section */
		65113E371D6C2C4C0055DEAD /* Sources */ = {
			isa = PBXSourcesBuildPhase;
			buildActionMask = 2147483647;
			files = (
				65113E411D6C2C4C0055DEAD /* ViewController.swift in Sources */,
				65113E471D6C2C4C0055DEAD /* ChatChatOnFire.xcdatamodeld in Sources */,
				65113E3F1D6C2C4C0055DEAD /* AppDelegate.swift in Sources */,
			);
			runOnlyForDeploymentPostprocessing = 0;
		};
		65113E4E1D6C2C4C0055DEAD /* Sources */ = {
			isa = PBXSourcesBuildPhase;
			buildActionMask = 2147483647;
			files = (
				65113E571D6C2C4C0055DEAD /* ChatChatOnFireTests.swift in Sources */,
			);
			runOnlyForDeploymentPostprocessing = 0;
		};
		65113E591D6C2C4C0055DEAD /* Sources */ = {
			isa = PBXSourcesBuildPhase;
			buildActionMask = 2147483647;
			files = (
				65113E621D6C2C4C0055DEAD /* ChatChatOnFireUITests.swift in Sources */,
			);
			runOnlyForDeploymentPostprocessing = 0;
		};
/* End PBXSourcesBuildPhase section */

/* Begin PBXTargetDependency section */
		65113E541D6C2C4C0055DEAD /* PBXTargetDependency */ = {
			isa = PBXTargetDependency;
			target = 65113E3A1D6C2C4C0055DEAD /* ChatChatOnFire */;
			targetProxy = 65113E531D6C2C4C0055DEAD /* PBXContainerItemProxy */;
		};
		65113E5F1D6C2C4C0055DEAD /* PBXTargetDependency */ = {
			isa = PBXTargetDependency;
			target = 65113E3A1D6C2C4C0055DEAD /* ChatChatOnFire */;
			targetProxy = 65113E5E1D6C2C4C0055DEAD /* PBXContainerItemProxy */;
		};
/* End PBXTargetDependency section */

/* Begin PBXVariantGroup section */
		65113E421D6C2C4C0055DEAD /* Main.storyboard */ = {
			isa = PBXVariantGroup;
			children = (
				65113E431D6C2C4C0055DEAD /* Base */,
			);
			name = Main.storyboard;
			sourceTree = "<group>";
		};
		65113E4A1D6C2C4C0055DEAD /* LaunchScreen.storyboard */ = {
			isa = PBXVariantGroup;
			children = (
				65113E4B1D6C2C4C0055DEAD /* Base */,
			);
			name = LaunchScreen.storyboard;
			sourceTree = "<group>";
		};
/* End PBXVariantGroup section */

/* Begin XCBuildConfiguration section */
		65113E641D6C2C4C0055DEAD /* Debug */ = {
			isa = XCBuildConfiguration;
			buildSettings = {
				ALWAYS_SEARCH_USER_PATHS = NO;
				CLANG_ANALYZER_NONNULL = YES;
				CLANG_CXX_LANGUAGE_STANDARD = "gnu++0x";
				CLANG_CXX_LIBRARY = "libc++";
				CLANG_ENABLE_MODULES = YES;
				CLANG_ENABLE_OBJC_ARC = YES;
				CLANG_WARN_BOOL_CONVERSION = YES;
				CLANG_WARN_CONSTANT_CONVERSION = YES;
				CLANG_WARN_DIRECT_OBJC_ISA_USAGE = YES_ERROR;
				CLANG_WARN_EMPTY_BODY = YES;
				CLANG_WARN_ENUM_CONVERSION = YES;
				CLANG_WARN_INT_CONVERSION = YES;
				CLANG_WARN_OBJC_ROOT_CLASS = YES_ERROR;
				CLANG_WARN_UNREACHABLE_CODE = YES;
				CLANG_WARN__DUPLICATE_METHOD_MATCH = YES;
				"CODE_SIGN_IDENTITY[sdk=iphoneos*]" = "iPhone Developer";
				COPY_PHASE_STRIP = NO;
				DEBUG_INFORMATION_FORMAT = dwarf;
				ENABLE_STRICT_OBJC_MSGSEND = YES;
				ENABLE_TESTABILITY = YES;
				GCC_C_LANGUAGE_STANDARD = gnu99;
				GCC_DYNAMIC_NO_PIC = NO;
				GCC_NO_COMMON_BLOCKS = YES;
				GCC_OPTIMIZATION_LEVEL = 0;
				GCC_PREPROCESSOR_DEFINITIONS = (
					"DEBUG=1",
					"$(inherited)",
				);
				GCC_WARN_64_TO_32_BIT_CONVERSION = YES;
				GCC_WARN_ABOUT_RETURN_TYPE = YES_ERROR;
				GCC_WARN_UNDECLARED_SELECTOR = YES;
				GCC_WARN_UNINITIALIZED_AUTOS = YES_AGGRESSIVE;
				GCC_WARN_UNUSED_FUNCTION = YES;
				GCC_WARN_UNUSED_VARIABLE = YES;
				IPHONEOS_DEPLOYMENT_TARGET = 9.3;
				MTL_ENABLE_DEBUG_INFO = YES;
				ONLY_ACTIVE_ARCH = YES;
				SDKROOT = iphoneos;
				SWIFT_OPTIMIZATION_LEVEL = "-Onone";
				TARGETED_DEVICE_FAMILY = "1,2";
			};
			name = Debug;
		};
		65113E651D6C2C4C0055DEAD /* Release */ = {
			isa = XCBuildConfiguration;
			buildSettings = {
				ALWAYS_SEARCH_USER_PATHS = NO;
				CLANG_ANALYZER_NONNULL = YES;
				CLANG_CXX_LANGUAGE_STANDARD = "gnu++0x";
				CLANG_CXX_LIBRARY = "libc++";
				CLANG_ENABLE_MODULES = YES;
				CLANG_ENABLE_OBJC_ARC = YES;
				CLANG_WARN_BOOL_CONVERSION = YES;
				CLANG_WARN_CONSTANT_CONVERSION = YES;
				CLANG_WARN_DIRECT_OBJC_ISA_USAGE = YES_ERROR;
				CLANG_WARN_EMPTY_BODY = YES;
				CLANG_WARN_ENUM_CONVERSION = YES;
				CLANG_WARN_INT_CONVERSION = YES;
				CLANG_WARN_OBJC_ROOT_CLASS = YES_ERROR;
				CLANG_WARN_UNREACHABLE_CODE = YES;
				CLANG_WARN__DUPLICATE_METHOD_MATCH = YES;
				"CODE_SIGN_IDENTITY[sdk=iphoneos*]" = "iPhone Developer";
				COPY_PHASE_STRIP = NO;
				DEBUG_INFORMATION_FORMAT = "dwarf-with-dsym";
				ENABLE_NS_ASSERTIONS = NO;
				ENABLE_STRICT_OBJC_MSGSEND = YES;
				GCC_C_LANGUAGE_STANDARD = gnu99;
				GCC_NO_COMMON_BLOCKS = YES;
				GCC_WARN_64_TO_32_BIT_CONVERSION = YES;
				GCC_WARN_ABOUT_RETURN_TYPE = YES_ERROR;
				GCC_WARN_UNDECLARED_SELECTOR = YES;
				GCC_WARN_UNINITIALIZED_AUTOS = YES_AGGRESSIVE;
				GCC_WARN_UNUSED_FUNCTION = YES;
				GCC_WARN_UNUSED_VARIABLE = YES;
				IPHONEOS_DEPLOYMENT_TARGET = 9.3;
				MTL_ENABLE_DEBUG_INFO = NO;
				SDKROOT = iphoneos;
				TARGETED_DEVICE_FAMILY = "1,2";
				VALIDATE_PRODUCT = YES;
			};
			name = Release;
		};
		65113E671D6C2C4C0055DEAD /* Debug */ = {
			isa = XCBuildConfiguration;
			buildSettings = {
				ASSETCATALOG_COMPILER_APPICON_NAME = AppIcon;
				INFOPLIST_FILE = ChatChatOnFire/Info.plist;
				LD_RUNPATH_SEARCH_PATHS = "$(inherited) @executable_path/Frameworks";
				PRODUCT_BUNDLE_IDENTIFIER = com.fengchao.ChatChatOnFire;
				PRODUCT_NAME = "$(TARGET_NAME)";
			};
			name = Debug;
		};
		65113E681D6C2C4C0055DEAD /* Release */ = {
			isa = XCBuildConfiguration;
			buildSettings = {
				ASSETCATALOG_COMPILER_APPICON_NAME = AppIcon;
				INFOPLIST_FILE = ChatChatOnFire/Info.plist;
				LD_RUNPATH_SEARCH_PATHS = "$(inherited) @executable_path/Frameworks";
				PRODUCT_BUNDLE_IDENTIFIER = com.fengchao.ChatChatOnFire;
				PRODUCT_NAME = "$(TARGET_NAME)";
			};
			name = Release;
		};
		65113E6A1D6C2C4C0055DEAD /* Debug */ = {
			isa = XCBuildConfiguration;
			buildSettings = {
				BUNDLE_LOADER = "$(TEST_HOST)";
				INFOPLIST_FILE = ChatChatOnFireTests/Info.plist;
				LD_RUNPATH_SEARCH_PATHS = "$(inherited) @executable_path/Frameworks @loader_path/Frameworks";
				PRODUCT_BUNDLE_IDENTIFIER = com.fengchao.ChatChatOnFireTests;
				PRODUCT_NAME = "$(TARGET_NAME)";
				TEST_HOST = "$(BUILT_PRODUCTS_DIR)/ChatChatOnFire.app/ChatChatOnFire";
			};
			name = Debug;
		};
		65113E6B1D6C2C4C0055DEAD /* Release */ = {
			isa = XCBuildConfiguration;
			buildSettings = {
				BUNDLE_LOADER = "$(TEST_HOST)";
				INFOPLIST_FILE = ChatChatOnFireTests/Info.plist;
				LD_RUNPATH_SEARCH_PATHS = "$(inherited) @executable_path/Frameworks @loader_path/Frameworks";
				PRODUCT_BUNDLE_IDENTIFIER = com.fengchao.ChatChatOnFireTests;
				PRODUCT_NAME = "$(TARGET_NAME)";
				TEST_HOST = "$(BUILT_PRODUCTS_DIR)/ChatChatOnFire.app/ChatChatOnFire";
			};
			name = Release;
		};
		65113E6D1D6C2C4C0055DEAD /* Debug */ = {
			isa = XCBuildConfiguration;
			buildSettings = {
				INFOPLIST_FILE = ChatChatOnFireUITests/Info.plist;
				LD_RUNPATH_SEARCH_PATHS = "$(inherited) @executable_path/Frameworks @loader_path/Frameworks";
				PRODUCT_BUNDLE_IDENTIFIER = com.fengchao.ChatChatOnFireUITests;
				PRODUCT_NAME = "$(TARGET_NAME)";
				TEST_TARGET_NAME = ChatChatOnFire;
			};
			name = Debug;
		};
		65113E6E1D6C2C4C0055DEAD /* Release */ = {
			isa = XCBuildConfiguration;
			buildSettings = {
				INFOPLIST_FILE = ChatChatOnFireUITests/Info.plist;
				LD_RUNPATH_SEARCH_PATHS = "$(inherited) @executable_path/Frameworks @loader_path/Frameworks";
				PRODUCT_BUNDLE_IDENTIFIER = com.fengchao.ChatChatOnFireUITests;
				PRODUCT_NAME = "$(TARGET_NAME)";
				TEST_TARGET_NAME = ChatChatOnFire;
			};
			name = Release;
		};
/* End XCBuildConfiguration section */

/* Begin XCConfigurationList section */
		65113E361D6C2C4C0055DEAD /* Build configuration list for PBXProject "ChatChatOnFire" */ = {
			isa = XCConfigurationList;
			buildConfigurations = (
				65113E641D6C2C4C0055DEAD /* Debug */,
				65113E651D6C2C4C0055DEAD /* Release */,
			);
			defaultConfigurationIsVisible = 0;
			defaultConfigurationName = Release;
		};
		65113E661D6C2C4C0055DEAD /* Build configuration list for PBXNativeTarget "ChatChatOnFire" */ = {
			isa = XCConfigurationList;
			buildConfigurations = (
				65113E671D6C2C4C0055DEAD /* Debug */,
				65113E681D6C2C4C0055DEAD /* Release */,
			);
			defaultConfigurationIsVisible = 0;
		};
		65113E691D6C2C4C0055DEAD /* Build configuration list for PBXNativeTarget "ChatChatOnFireTests" */ = {
			isa = XCConfigurationList;
			buildConfigurations = (
				65113E6A1D6C2C4C0055DEAD /* Debug */,
				65113E6B1D6C2C4C0055DEAD /* Release */,
			);
			defaultConfigurationIsVisible = 0;
		};
		65113E6C1D6C2C4C0055DEAD /* Build configuration list for PBXNativeTarget "ChatChatOnFireUITests" */ = {
			isa = XCConfigurationList;
			buildConfigurations = (
				65113E6D1D6C2C4C0055DEAD /* Debug */,
				65113E6E1D6C2C4C0055DEAD /* Release */,
			);
			defaultConfigurationIsVisible = 0;
		};
/* End XCConfigurationList section */

/* Begin XCVersionGroup section */
		65113E451D6C2C4C0055DEAD /* ChatChatOnFire.xcdatamodeld */ = {
			isa = XCVersionGroup;
			children = (
				65113E461D6C2C4C0055DEAD /* ChatChatOnFire.xcdatamodel */,
			);
			currentVersion = 65113E461D6C2C4C0055DEAD /* ChatChatOnFire.xcdatamodel */;
			path = ChatChatOnFire.xcdatamodeld;
			sourceTree = "<group>";
			versionGroupType = wrapper.xcdatamodel;
		};
/* End XCVersionGroup section */
	};
	rootObject = 65113E331D6C2C4C0055DEAD /* Project object */;
}
